
Microsoft Visual Studio Solution File, Format Version 11.00
# Visual Studio 2010
Project("{FAE04EC0-301F-11D3-BF4B-00C04F79EFBC}") = "Inventory (Rising Fantasy)", "Assembly-CSharp.csproj", "{D5DF4C1A-D9E9-91AA-D49D-AE97470CEE60}"
EndProject
Project("{FAE04EC0-301F-11D3-BF4B-00C04F79EFBC}") = "Inventory (Rising Fantasy)", "Assembly-CSharp-firstpass.csproj", "{A5CDFD62-1D22-DEED-763D-4FCEA0A482C9}"
EndProject
Project("{FAE04EC0-301F-11D3-BF4B-00C04F79EFBC}") = "Inventory (Rising Fantasy)", "Assembly-CSharp-Editor-firstpass.csproj", "{70C1BE27-0795-8328-1F0B-458932E68CAC}"
EndProject
Global
	GlobalSection(SolutionConfigurationPlatforms) = preSolution
		Debug|Any CPU = Debug|Any CPU
		Release|Any CPU = Release|Any CPU
	EndGlobalSection
	GlobalSection(ProjectConfigurationPlatforms) = postSolution
		{D5DF4C1A-D9E9-91AA-D49D-AE97470CEE60}.Debug|Any CPU.ActiveCfg = Debug|Any CPU
		{D5DF4C1A-D9E9-91AA-D49D-AE97470CEE60}.Debug|Any CPU.Build.0 = Debug|Any CPU
		{D5DF4C1A-D9E9-91AA-D49D-AE97470CEE60}.Release|Any CPU.ActiveCfg = Release|Any CPU
		{D5DF4C1A-D9E9-91AA-D49D-AE97470CEE60}.Release|Any CPU.Build.0 = Release|Any CPU
		{A5CDFD62-1D22-DEED-763D-4FCEA0A482C9}.Debug|Any CPU.ActiveCfg = Debug|Any CPU
		{A5CDFD62-1D22-DEED-763D-4FCEA0A482C9}.Debug|Any CPU.Build.0 = Debug|Any CPU
		{A5CDFD62-1D22-DEED-763D-4FCEA0A482C9}.Release|Any CPU.ActiveCfg = Release|Any CPU
		{A5CDFD62-1D22-DEED-763D-4FCEA0A482C9}.Release|Any CPU.Build.0 = Release|Any CPU
		{70C1BE27-0795-8328-1F0B-458932E68CAC}.Debug|Any CPU.ActiveCfg = Debug|Any CPU
		{70C1BE27-0795-8328-1F0B-458932E68CAC}.Debug|Any CPU.Build.0 = Debug|Any CPU
		{70C1BE27-0795-8328-1F0B-458932E68CAC}.Release|Any CPU.ActiveCfg = Release|Any CPU
		{70C1BE27-0795-8328-1F0B-458932E68CAC}.Release|Any CPU.Build.0 = Release|Any CPU
	EndGlobalSection
	GlobalSection(SolutionProperties) = preSolution
		HideSolutionNode = FALSE
	EndGlobalSection
	GlobalSection(MonoDevelopProperties) = preSolution
		StartupItem = Assembly-CSharp.csproj
	EndGlobalSection
EndGlobal
